
Microsoft Visual Studio Solution File, Format Version 12.00
# Visual Studio 15
Project("{FAE04EC0-301F-11D3-BF4B-00C04F79EFBC}") = "GridLayout.Android", "GridLayout.Android\GridLayout.Android.csproj", "{3B4AC9CE-DFD3-4084-A524-79795B3DABDC}"
EndProject
Project("{FAE04EC0-301F-11D3-BF4B-00C04F79EFBC}") = "GridLayout.iOS", "GridLayout.iOS\GridLayout.iOS.csproj", "{55A773B5-EC86-466D-92C9-3C56DAAAF95F}"
EndProject
Project("{FAE04EC0-301F-11D3-BF4B-00C04F79EFBC}") = "GridLayout", "GridLayout\GridLayout.csproj", "{E698E466-220A-4E93-AB50-FE44C85BD0B3}"
EndProject
Global
	GlobalSection(SolutionConfigurationPlatforms) = preSolution
		Debug|Any CPU = Debug|Any CPU
		Release|Any CPU = Release|Any CPU
		Debug|iPhoneSimulator = Debug|iPhoneSimulator
		Release|iPhoneSimulator = Release|iPhoneSimulator
		Debug|iPhone = Debug|iPhone
		Release|iPhone = Release|iPhone
		Ad-Hoc|iPhone = Ad-Hoc|iPhone
		AppStore|iPhone = AppStore|iPhone
	EndGlobalSection
	GlobalSection(ProjectConfigurationPlatforms) = postSolution
		{3B4AC9CE-DFD3-4084-A524-79795B3DABDC}.Debug|Any CPU.ActiveCfg = Debug|Any CPU
		{3B4AC9CE-DFD3-4084-A524-79795B3DABDC}.Debug|Any CPU.Build.0 = Debug|Any CPU
		{3B4AC9CE-DFD3-4084-A524-79795B3DABDC}.Release|Any CPU.ActiveCfg = Release|Any CPU
		{3B4AC9CE-DFD3-4084-A524-79795B3DABDC}.Release|Any CPU.Build.0 = Release|Any CPU
		{3B4AC9CE-DFD3-4084-A524-79795B3DABDC}.Debug|iPhoneSimulator.ActiveCfg = Debug|Any CPU
		{3B4AC9CE-DFD3-4084-A524-79795B3DABDC}.Debug|iPhoneSimulator.Build.0 = Debug|Any CPU
		{3B4AC9CE-DFD3-4084-A524-79795B3DABDC}.Release|iPhoneSimulator.ActiveCfg = Release|Any CPU
		{3B4AC9CE-DFD3-4084-A524-79795B3DABDC}.Release|iPhoneSimulator.Build.0 = Release|Any CPU
		{3B4AC9CE-DFD3-4084-A524-79795B3DABDC}.Debug|iPhone.ActiveCfg = Debug|Any CPU
		{3B4AC9CE-DFD3-4084-A524-79795B3DABDC}.Debug|iPhone.Build.0 = Debug|Any CPU
		{3B4AC9CE-DFD3-4084-A524-79795B3DABDC}.Release|iPhone.ActiveCfg = Release|Any CPU
		{3B4AC9CE-DFD3-4084-A524-79795B3DABDC}.Release|iPhone.Build.0 = Release|Any CPU
		{3B4AC9CE-DFD3-4084-A524-79795B3DABDC}.Ad-Hoc|iPhone.ActiveCfg = Debug|Any CPU
		{3B4AC9CE-DFD3-4084-A524-79795B3DABDC}.Ad-Hoc|iPhone.Build.0 = Debug|Any CPU
		{3B4AC9CE-DFD3-4084-A524-79795B3DABDC}.AppStore|iPhone.ActiveCfg = Debug|Any CPU
		{3B4AC9CE-DFD3-4084-A524-79795B3DABDC}.AppStore|iPhone.Build.0 = Debug|Any CPU
		{55A773B5-EC86-466D-92C9-3C56DAAAF95F}.Debug|Any CPU.ActiveCfg = Debug|iPhoneSimulator
		{55A773B5-EC86-466D-92C9-3C56DAAAF95F}.Debug|Any CPU.Build.0 = Debug|iPhoneSimulator
		{55A773B5-EC86-466D-92C9-3C56DAAAF95F}.Release|Any CPU.ActiveCfg = Release|iPhoneSimulator
		{55A773B5-EC86-466D-92C9-3C56DAAAF95F}.Release|Any CPU.Build.0 = Release|iPhoneSimulator
		{55A773B5-EC86-466D-92C9-3C56DAAAF95F}.Debug|iPhoneSimulator.ActiveCfg = Debug|iPhoneSimulator
		{55A773B5-EC86-466D-92C9-3C56DAAAF95F}.Debug|iPhoneSimulator.Build.0 = Debug|iPhoneSimulator
		{55A773B5-EC86-466D-92C9-3C56DAAAF95F}.Release|iPhoneSimulator.ActiveCfg = Release|iPhoneSimulator
		{55A773B5-EC86-466D-92C9-3C56DAAAF95F}.Release|iPhoneSimulator.Build.0 = Release|iPhoneSimulator
		{55A773B5-EC86-466D-92C9-3C56DAAAF95F}.Debug|iPhone.ActiveCfg = Debug|iPhone
		{55A773B5-EC86-466D-92C9-3C56DAAAF95F}.Debug|iPhone.Build.0 = Debug|iPhone
		{55A773B5-EC86-466D-92C9-3C56DAAAF95F}.Release|iPhone.ActiveCfg = Release|iPhone
		{55A773B5-EC86-466D-92C9-3C56DAAAF95F}.Release|iPhone.Build.0 = Release|iPhone
		{55A773B5-EC86-466D-92C9-3C56DAAAF95F}.Ad-Hoc|iPhone.ActiveCfg = Ad-Hoc|iPhone
		{55A773B5-EC86-466D-92C9-3C56DAAAF95F}.Ad-Hoc|iPhone.Build.0 = Ad-Hoc|iPhone
		{55A773B5-EC86-466D-92C9-3C56DAAAF95F}.AppStore|iPhone.ActiveCfg = AppStore|iPhone
		{55A773B5-EC86-466D-92C9-3C56DAAAF95F}.AppStore|iPhone.Build.0 = AppStore|iPhone
		{E698E466-220A-4E93-AB50-FE44C85BD0B3}.Debug|Any CPU.ActiveCfg = Debug|Any CPU
		{E698E466-220A-4E93-AB50-FE44C85BD0B3}.Debug|Any CPU.Build.0 = Debug|Any CPU
		{E698E466-220A-4E93-AB50-FE44C85BD0B3}.Release|Any CPU.ActiveCfg = Release|Any CPU
		{E698E466-220A-4E93-AB50-FE44C85BD0B3}.Release|Any CPU.Build.0 = Release|Any CPU
		{E698E466-220A-4E93-AB50-FE44C85BD0B3}.Debug|iPhoneSimulator.ActiveCfg = Debug|Any CPU
		{E698E466-220A-4E93-AB50-FE44C85BD0B3}.Debug|iPhoneSimulator.Build.0 = Debug|Any CPU
		{E698E466-220A-4E93-AB50-FE44C85BD0B3}.Release|iPhoneSimulator.ActiveCfg = Release|Any CPU
		{E698E466-220A-4E93-AB50-FE44C85BD0B3}.Release|iPhoneSimulator.Build.0 = Release|Any CPU
		{E698E466-220A-4E93-AB50-FE44C85BD0B3}.Debug|iPhone.ActiveCfg = Debug|Any CPU
		{E698E466-220A-4E93-AB50-FE44C85BD0B3}.Debug|iPhone.Build.0 = Debug|Any CPU
		{E698E466-220A-4E93-AB50-FE44C85BD0B3}.Release|iPhone.ActiveCfg = Release|Any CPU
		{E698E466-220A-4E93-AB50-FE44C85BD0B3}.Release|iPhone.Build.0 = Release|Any CPU
		{E698E466-220A-4E93-AB50-FE44C85BD0B3}.Ad-Hoc|iPhone.ActiveCfg = Debug|Any CPU
		{E698E466-220A-4E93-AB50-FE44C85BD0B3}.Ad-Hoc|iPhone.Build.0 = Debug|Any CPU
		{E698E466-220A-4E93-AB50-FE44C85BD0B3}.AppStore|iPhone.ActiveCfg = Debug|Any CPU
		{E698E466-220A-4E93-AB50-FE44C85BD0B3}.AppStore|iPhone.Build.0 = Debug|Any CPU
	EndGlobalSection
EndGlobal
